
Microsoft Visual Studio Solution File, Format Version 12.00
# Visual Studio Version 17
VisualStudioVersion = 17.9.34622.214
MinimumVisualStudioVersion = 10.0.40219.1
Project("{FAE04EC0-301F-11D3-BF4B-00C04F79EFBC}") = "server", "chat\server.csproj", "{27600D0D-9B05-40D1-BF6D-DB641813FE4E}"
EndProject
Project("{FAE04EC0-301F-11D3-BF4B-00C04F79EFBC}") = "client", "client\client.csproj", "{09F52BB1-CDFC-4A46-8A3D-1252278D73F6}"
EndProject
Global
	GlobalSection(SolutionConfigurationPlatforms) = preSolution
		Debug|Any CPU = Debug|Any CPU
		Release|Any CPU = Release|Any CPU
	EndGlobalSection
	GlobalSection(ProjectConfigurationPlatforms) = postSolution
		{27600D0D-9B05-40D1-BF6D-DB641813FE4E}.Debug|Any CPU.ActiveCfg = Debug|Any CPU
		{27600D0D-9B05-40D1-BF6D-DB641813FE4E}.Debug|Any CPU.Build.0 = Debug|Any CPU
		{27600D0D-9B05-40D1-BF6D-DB641813FE4E}.Release|Any CPU.ActiveCfg = Release|Any CPU
		{27600D0D-9B05-40D1-BF6D-DB641813FE4E}.Release|Any CPU.Build.0 = Release|Any CPU
		{09F52BB1-CDFC-4A46-8A3D-1252278D73F6}.Debug|Any CPU.ActiveCfg = Debug|Any CPU
		{09F52BB1-CDFC-4A46-8A3D-1252278D73F6}.Debug|Any CPU.Build.0 = Debug|Any CPU
		{09F52BB1-CDFC-4A46-8A3D-1252278D73F6}.Release|Any CPU.ActiveCfg = Release|Any CPU
		{09F52BB1-CDFC-4A46-8A3D-1252278D73F6}.Release|Any CPU.Build.0 = Release|Any CPU
	EndGlobalSection
	GlobalSection(SolutionProperties) = preSolution
		HideSolutionNode = FALSE
	EndGlobalSection
	GlobalSection(ExtensibilityGlobals) = postSolution
		SolutionGuid = {FE45D5A7-30A7-4427-8F11-2E082E9D6D1A}
	EndGlobalSection
EndGlobal
